PODS:
  - boost-for-react-native (1.63.0)
  - BVLinearGradient (2.7.3):
    - React-Core
  - DoubleConversion (1.1.6)
  - FBLazyVector (0.64.4)
  - FBReactNativeSpec (0.64.4):
    - RCT-Folly (= 2020.01.13.00)
    - RCTRequired (= 0.64.4)
    - RCTTypeSafety (= 0.64.4)
    - React-Core (= 0.64.4)
    - React-jsi (= 0.64.4)
    - ReactCommon/turbomodule/core (= 0.64.4)
  - glog (0.3.5)
  - RCT-Folly (2020.01.13.00):
    - boost-for-react-native
    - DoubleConversion
    - glog
    - RCT-Folly/Default (= 2020.01.13.00)
  - RCT-Folly/Default (2020.01.13.00):
    - boost-for-react-native
    - DoubleConversion
    - glog
  - RCTRequired (0.64.4)
  - RCTTypeSafety (0.64.4):
    - FBLazyVector (= 0.64.4)
    - RCT-Folly (= 2020.01.13.00)
    - RCTRequired (= 0.64.4)
    - React-Core (= 0.64.4)
  - React (0.64.4):
    - React-Core (= 0.64.4)
    - React-Core/DevSupport (= 0.64.4)
    - React-Core/RCTWebSocket (= 0.64.4)
    - React-RCTActionSheet (= 0.64.4)
    - React-RCTAnimation (= 0.64.4)
    - React-RCTBlob (= 0.64.4)
    - React-RCTImage (= 0.64.4)
    - React-RCTLinking (= 0.64.4)
    - React-RCTNetwork (= 0.64.4)
    - React-RCTSettings (= 0.64.4)
    - React-RCTText (= 0.64.4)
    - React-RCTVibration (= 0.64.4)
  - React-callinvoker (0.64.4)
  - React-Core (0.64.4):
    - glog
    - RCT-Folly (= 2020.01.13.00)
    - React-Core/Default (= 0.64.4)
    - React-cxxreact (= 0.64.4)
    - React-jsi (= 0.64.4)
    - React-jsiexecutor (= 0.64.4)
    - React-perflogger (= 0.64.4)
    - Yoga
  - React-Core/CoreModulesHeaders (0.64.4):
    - glog
    - RCT-Folly (= 2020.01.13.00)
    - React-Core/Default
    - React-cxxreact (= 0.64.4)
    - React-jsi (= 0.64.4)
    - React-jsiexecutor (= 0.64.4)
    - React-perflogger (= 0.64.4)
    - Yoga
  - React-Core/Default (0.64.4):
    - glog
    - RCT-Folly (= 2020.01.13.00)
    - React-cxxreact (= 0.64.4)
    - React-jsi (= 0.64.4)
    - React-jsiexecutor (= 0.64.4)
    - React-perflogger (= 0.64.4)
    - Yoga
  - React-Core/DevSupport (0.64.4):
    - glog
    - RCT-Folly (= 2020.01.13.00)
    - React-Core/Default (= 0.64.4)
    - React-Core/RCTWebSocket (= 0.64.4)
    - React-cxxreact (= 0.64.4)
    - React-jsi (= 0.64.4)
    - React-jsiexecutor (= 0.64.4)
    - React-jsinspector (= 0.64.4)
    - React-perflogger (= 0.64.4)
    - Yoga
  - React-Core/RCTActionSheetHeaders (0.64.4):
    - glog
    - RCT-Folly (= 2020.01.13.00)
    - React-Core/Default
    - React-cxxreact (= 0.64.4)
    - React-jsi (= 0.64.4)
    - React-jsiexecutor (= 0.64.4)
    - React-perflogger (= 0.64.4)
    - Yoga
  - React-Core/RCTAnimationHeaders (0.64.4):
    - glog
    - RCT-Folly (= 2020.01.13.00)
    - React-Core/Default
    - React-cxxreact (= 0.64.4)
    - React-jsi (= 0.64.4)
    - React-jsiexecutor (= 0.64.4)
    - React-perflogger (= 0.64.4)
    - Yoga
  - React-Core/RCTBlobHeaders (0.64.4):
    - glog
    - RCT-Folly (= 2020.01.13.00)
    - React-Core/Default
    - React-cxxreact (= 0.64.4)
    - React-jsi (= 0.64.4)
    - React-jsiexecutor (= 0.64.4)
    - React-perflogger (= 0.64.4)
    - Yoga
  - React-Core/RCTImageHeaders (0.64.4):
    - glog
    - RCT-Folly (= 2020.01.13.00)
    - React-Core/Default
    - React-cxxreact (= 0.64.4)
    - React-jsi (= 0.64.4)
    - React-jsiexecutor (= 0.64.4)
    - React-perflogger (= 0.64.4)
    - Yoga
  - React-Core/RCTLinkingHeaders (0.64.4):
    - glog
    - RCT-Folly (= 2020.01.13.00)
    - React-Core/Default
    - React-cxxreact (= 0.64.4)
    - React-jsi (= 0.64.4)
    - React-jsiexecutor (= 0.64.4)
    - React-perflogger (= 0.64.4)
    - Yoga
  - React-Core/RCTNetworkHeaders (0.64.4):
    - glog
    - RCT-Folly (= 2020.01.13.00)
    - React-Core/Default
    - React-cxxreact (= 0.64.4)
    - React-jsi (= 0.64.4)
    - React-jsiexecutor (= 0.64.4)
    - React-perflogger (= 0.64.4)
    - Yoga
  - React-Core/RCTSettingsHeaders (0.64.4):
    - glog
    - RCT-Folly (= 2020.01.13.00)
    - React-Core/Default
    - React-cxxreact (= 0.64.4)
    - React-jsi (= 0.64.4)
    - React-jsiexecutor (= 0.64.4)
    - React-perflogger (= 0.64.4)
    - Yoga
  - React-Core/RCTTextHeaders (0.64.4):
    - glog
    - RCT-Folly (= 2020.01.13.00)
    - React-Core/Default
    - React-cxxreact (= 0.64.4)
    - React-jsi (= 0.64.4)
    - React-jsiexecutor (= 0.64.4)
    - React-perflogger (= 0.64.4)
    - Yoga
  - React-Core/RCTVibrationHeaders (0.64.4):
    - glog
    - RCT-Folly (= 2020.01.13.00)
    - React-Core/Default
    - React-cxxreact (= 0.64.4)
    - React-jsi (= 0.64.4)
    - React-jsiexecutor (= 0.64.4)
    - React-perflogger (= 0.64.4)
    - Yoga
  - React-Core/RCTWebSocket (0.64.4):
    - glog
    - RCT-Folly (= 2020.01.13.00)
    - React-Core/Default (= 0.64.4)
    - React-cxxreact (= 0.64.4)
    - React-jsi (= 0.64.4)
    - React-jsiexecutor (= 0.64.4)
    - React-perflogger (= 0.64.4)
    - Yoga
  - React-CoreModules (0.64.4):
    - FBReactNativeSpec (= 0.64.4)
    - RCT-Folly (= 2020.01.13.00)
    - RCTTypeSafety (= 0.64.4)
    - React-Core/CoreModulesHeaders (= 0.64.4)
    - React-jsi (= 0.64.4)
    - React-RCTImage (= 0.64.4)
    - ReactCommon/turbomodule/core (= 0.64.4)
  - React-cxxreact (0.64.4):
    - boost-for-react-native (= 1.63.0)
    - DoubleConversion
    - glog
    - RCT-Folly (= 2020.01.13.00)
    - React-callinvoker (= 0.64.4)
    - React-jsi (= 0.64.4)
    - React-jsinspector (= 0.64.4)
    - React-perflogger (= 0.64.4)
    - React-runtimeexecutor (= 0.64.4)
  - React-jsi (0.64.4):
    - boost-for-react-native (= 1.63.0)
    - DoubleConversion
    - glog
    - RCT-Folly (= 2020.01.13.00)
    - React-jsi/Default (= 0.64.4)
  - React-jsi/Default (0.64.4):
    - boost-for-react-native (= 1.63.0)
    - DoubleConversion
    - glog
    - RCT-Folly (= 2020.01.13.00)
  - React-jsiexecutor (0.64.4):
    - DoubleConversion
    - glog
    - RCT-Folly (= 2020.01.13.00)
    - React-cxxreact (= 0.64.4)
    - React-jsi (= 0.64.4)
    - React-perflogger (= 0.64.4)
  - React-jsinspector (0.64.4)
  - react-native-safe-area-context (4.3.1):
    - RCT-Folly
    - RCTRequired
    - RCTTypeSafety
    - React
    - ReactCommon/turbomodule/core
  - react-native-splash-screen (3.3.0):
    - React-Core
  - React-perflogger (0.64.4)
  - React-RCTActionSheet (0.64.4):
    - React-Core/RCTActionSheetHeaders (= 0.64.4)
  - React-RCTAnimation (0.64.4):
    - FBReactNativeSpec (= 0.64.4)
    - RCT-Folly (= 2020.01.13.00)
    - RCTTypeSafety (= 0.64.4)
    - React-Core/RCTAnimationHeaders (= 0.64.4)
    - React-jsi (= 0.64.4)
    - ReactCommon/turbomodule/core (= 0.64.4)
  - React-RCTBlob (0.64.4):
    - FBReactNativeSpec (= 0.64.4)
    - RCT-Folly (= 2020.01.13.00)
    - React-Core/RCTBlobHeaders (= 0.64.4)
    - React-Core/RCTWebSocket (= 0.64.4)
    - React-jsi (= 0.64.4)
    - React-RCTNetwork (= 0.64.4)
    - ReactCommon/turbomodule/core (= 0.64.4)
  - React-RCTImage (0.64.4):
    - FBReactNativeSpec (= 0.64.4)
    - RCT-Folly (= 2020.01.13.00)
    - RCTTypeSafety (= 0.64.4)
    - React-Core/RCTImageHeaders (= 0.64.4)
    - React-jsi (= 0.64.4)
    - React-RCTNetwork (= 0.64.4)
    - ReactCommon/turbomodule/core (= 0.64.4)
  - React-RCTLinking (0.64.4):
    - FBReactNativeSpec (= 0.64.4)
    - React-Core/RCTLinkingHeaders (= 0.64.4)
    - React-jsi (= 0.64.4)
    - ReactCommon/turbomodule/core (= 0.64.4)
  - React-RCTNetwork (0.64.4):
    - FBReactNativeSpec (= 0.64.4)
    - RCT-Folly (= 2020.01.13.00)
    - RCTTypeSafety (= 0.64.4)
    - React-Core/RCTNetworkHeaders (= 0.64.4)
    - React-jsi (= 0.64.4)
    - ReactCommon/turbomodule/core (= 0.64.4)
  - React-RCTSettings (0.64.4):
    - FBReactNativeSpec (= 0.64.4)
    - RCT-Folly (= 2020.01.13.00)
    - RCTTypeSafety (= 0.64.4)
    - React-Core/RCTSettingsHeaders (= 0.64.4)
    - React-jsi (= 0.64.4)
    - ReactCommon/turbomodule/core (= 0.64.4)
  - React-RCTText (0.64.4):
    - React-Core/RCTTextHeaders (= 0.64.4)
  - React-RCTVibration (0.64.4):
    - FBReactNativeSpec (= 0.64.4)
    - RCT-Folly (= 2020.01.13.00)
    - React-Core/RCTVibrationHeaders (= 0.64.4)
    - React-jsi (= 0.64.4)
    - ReactCommon/turbomodule/core (= 0.64.4)
  - React-runtimeexecutor (0.64.4):
    - React-jsi (= 0.64.4)
  - ReactCommon/turbomodule/core (0.64.4):
    - DoubleConversion
    - glog
    - RCT-Folly (= 2020.01.13.00)
    - React-callinvoker (= 0.64.4)
    - React-Core (= 0.64.4)
    - React-cxxreact (= 0.64.4)
    - React-jsi (= 0.64.4)
    - React-perflogger (= 0.64.4)
  - RNCAsyncStorage (1.19.0):
    - React-Core
  - RNCMaskedView (0.1.11):
    - React
  - RNGestureHandler (1.10.3):
    - React-Core
  - RNReanimated (2.4.1):
    - DoubleConversion
    - FBLazyVector
    - FBReactNativeSpec
    - glog
    - RCT-Folly
    - RCTRequired
    - RCTTypeSafety
    - React
    - React-callinvoker
    - React-Core
    - React-Core/DevSupport
    - React-Core/RCTWebSocket
    - React-CoreModules
    - React-cxxreact
    - React-jsi
    - React-jsiexecutor
    - React-jsinspector
    - React-RCTActionSheet
    - React-RCTAnimation
    - React-RCTBlob
    - React-RCTImage
    - React-RCTLinking
    - React-RCTNetwork
    - React-RCTSettings
    - React-RCTText
    - ReactCommon/turbomodule/core
    - Yoga
  - RNScreens (3.22.1):
    - React-Core
    - React-RCTImage
  - RNSVG (13.10.0):
    - React-Core
  - Yoga (1.14.0)

DEPENDENCIES:
  - BVLinearGradient (from `../node_modules/react-native-linear-gradient`)
  - DoubleConversion (from `../node_modules/react-native/third-party-podspecs/DoubleConversion.podspec`)
  - FBLazyVector (from `../node_modules/react-native/Libraries/FBLazyVector`)
  - FBReactNativeSpec (from `../node_modules/react-native/React/FBReactNativeSpec`)
  - glog (from `../node_modules/react-native/third-party-podspecs/glog.podspec`)
  - RCT-Folly (from `../node_modules/react-native/third-party-podspecs/RCT-Folly.podspec`)
  - RCTRequired (from `../node_modules/react-native/Libraries/RCTRequired`)
  - RCTTypeSafety (from `../node_modules/react-native/Libraries/TypeSafety`)
  - React (from `../node_modules/react-native/`)
  - React-callinvoker (from `../node_modules/react-native/ReactCommon/callinvoker`)
  - React-Core (from `../node_modules/react-native/`)
  - React-Core/DevSupport (from `../node_modules/react-native/`)
  - React-Core/RCTWebSocket (from `../node_modules/react-native/`)
  - React-CoreModules (from `../node_modules/react-native/React/CoreModules`)
  - React-cxxreact (from `../node_modules/react-native/ReactCommon/cxxreact`)
  - React-jsi (from `../node_modules/react-native/ReactCommon/jsi`)
  - React-jsiexecutor (from `../node_modules/react-native/ReactCommon/jsiexecutor`)
  - React-jsinspector (from `../node_modules/react-native/ReactCommon/jsinspector`)
  - react-native-safe-area-context (from `../node_modules/react-native-safe-area-context`)
  - react-native-splash-screen (from `../node_modules/react-native-splash-screen`)
  - React-perflogger (from `../node_modules/react-native/ReactCommon/reactperflogger`)
  - React-RCTActionSheet (from `../node_modules/react-native/Libraries/ActionSheetIOS`)
  - React-RCTAnimation (from `../node_modules/react-native/Libraries/NativeAnimation`)
  - React-RCTBlob (from `../node_modules/react-native/Libraries/Blob`)
  - React-RCTImage (from `../node_modules/react-native/Libraries/Image`)
  - React-RCTLinking (from `../node_modules/react-native/Libraries/LinkingIOS`)
  - React-RCTNetwork (from `../node_modules/react-native/Libraries/Network`)
  - React-RCTSettings (from `../node_modules/react-native/Libraries/Settings`)
  - React-RCTText (from `../node_modules/react-native/Libraries/Text`)
  - React-RCTVibration (from `../node_modules/react-native/Libraries/Vibration`)
  - React-runtimeexecutor (from `../node_modules/react-native/ReactCommon/runtimeexecutor`)
  - ReactCommon/turbomodule/core (from `../node_modules/react-native/ReactCommon`)
  - "RNCAsyncStorage (from `../node_modules/@react-native-async-storage/async-storage`)"
  - "RNCMaskedView (from `../node_modules/@react-native-community/masked-view`)"
  - RNGestureHandler (from `../node_modules/react-native-gesture-handler`)
  - RNReanimated (from `../node_modules/react-native-reanimated`)
  - RNScreens (from `../node_modules/react-native-screens`)
  - RNSVG (from `../node_modules/react-native-svg`)
  - Yoga (from `../node_modules/react-native/ReactCommon/yoga`)

SPEC REPOS:
  trunk:
    - boost-for-react-native

EXTERNAL SOURCES:
  BVLinearGradient:
    :path: "../node_modules/react-native-linear-gradient"
  DoubleConversion:
    :podspec: "../node_modules/react-native/third-party-podspecs/DoubleConversion.podspec"
  FBLazyVector:
    :path: "../node_modules/react-native/Libraries/FBLazyVector"
  FBReactNativeSpec:
    :path: "../node_modules/react-native/React/FBReactNativeSpec"
  glog:
    :podspec: "../node_modules/react-native/third-party-podspecs/glog.podspec"
  RCT-Folly:
    :podspec: "../node_modules/react-native/third-party-podspecs/RCT-Folly.podspec"
  RCTRequired:
    :path: "../node_modules/react-native/Libraries/RCTRequired"
  RCTTypeSafety:
    :path: "../node_modules/react-native/Libraries/TypeSafety"
  React:
    :path: "../node_modules/react-native/"
  React-callinvoker:
    :path: "../node_modules/react-native/ReactCommon/callinvoker"
  React-Core:
    :path: "../node_modules/react-native/"
  React-CoreModules:
    :path: "../node_modules/react-native/React/CoreModules"
  React-cxxreact:
    :path: "../node_modules/react-native/ReactCommon/cxxreact"
  React-jsi:
    :path: "../node_modules/react-native/ReactCommon/jsi"
  React-jsiexecutor:
    :path: "../node_modules/react-native/ReactCommon/jsiexecutor"
  React-jsinspector:
    :path: "../node_modules/react-native/ReactCommon/jsinspector"
  react-native-safe-area-context:
    :path: "../node_modules/react-native-safe-area-context"
  react-native-splash-screen:
    :path: "../node_modules/react-native-splash-screen"
  React-perflogger:
    :path: "../node_modules/react-native/ReactCommon/reactperflogger"
  React-RCTActionSheet:
    :path: "../node_modules/react-native/Libraries/ActionSheetIOS"
  React-RCTAnimation:
    :path: "../node_modules/react-native/Libraries/NativeAnimation"
  React-RCTBlob:
    :path: "../node_modules/react-native/Libraries/Blob"
  React-RCTImage:
    :path: "../node_modules/react-native/Libraries/Image"
  React-RCTLinking:
    :path: "../node_modules/react-native/Libraries/LinkingIOS"
  React-RCTNetwork:
    :path: "../node_modules/react-native/Libraries/Network"
  React-RCTSettings:
    :path: "../node_modules/react-native/Libraries/Settings"
  React-RCTText:
    :path: "../node_modules/react-native/Libraries/Text"
  React-RCTVibration:
    :path: "../node_modules/react-native/Libraries/Vibration"
  React-runtimeexecutor:
    :path: "../node_modules/react-native/ReactCommon/runtimeexecutor"
  ReactCommon:
    :path: "../node_modules/react-native/ReactCommon"
  RNCAsyncStorage:
    :path: "../node_modules/@react-native-async-storage/async-storage"
  RNCMaskedView:
    :path: "../node_modules/@react-native-community/masked-view"
  RNGestureHandler:
    :path: "../node_modules/react-native-gesture-handler"
  RNReanimated:
    :path: "../node_modules/react-native-reanimated"
  RNScreens:
    :path: "../node_modules/react-native-screens"
  RNSVG:
    :path: "../node_modules/react-native-svg"
  Yoga:
    :path: "../node_modules/react-native/ReactCommon/yoga"

SPEC CHECKSUMS:
  boost-for-react-native: 39c7adb57c4e60d6c5479dd8623128eb5b3f0f2c
  BVLinearGradient: fbe308a1d19a8133f69e033abc85d8008644f5e3
  DoubleConversion: cf9b38bf0b2d048436d9a82ad2abe1404f11e7de
  FBLazyVector: fa8275d5086566e22a26ddc385ab5772e7f9b1bd
  FBReactNativeSpec: ac87e86c1f2b3b955501021e4b04fd99909ba2a1
  glog: 73c2498ac6884b13ede40eda8228cb1eee9d9d62
  RCT-Folly: ec7a233ccc97cc556cf7237f0db1ff65b986f27c
  RCTRequired: f85fa00af016059cf88b90b8f8ff9a6af9e4b6c3
  RCTTypeSafety: 5279aaf0fb1ad715cbbbbee32d5c98c72598bc9c
  React: ff4e89fbcb05461c9533fd4da3c0f44cda6ab618
  React-callinvoker: 4670ac7842699e4a39b19a08b4ede02573c1e5dd
  React-Core: ee61e8a8aea912e1504ebec230b3e07d96cf82e1
  React-CoreModules: 8544ba0d319003b33707cdeed66e3122685d31a0
  React-cxxreact: 668500d4ce359515bbf8f907bca0e66fd357d36f
  React-jsi: 64f80675a66899bf0f4a58b8e3908966fa516234
  React-jsiexecutor: 8c077bef1c64430b6034f27df1000d194551e2eb
  React-jsinspector: d4f6973dd474357dbaaf6f52f31ffc713bf3e766
  react-native-safe-area-context: 6c12e3859b6f27b25de4fee8201cfb858432d8de
  react-native-splash-screen: 4312f786b13a81b5169ef346d76d33bc0c6dc457
  React-perflogger: 5a890ca0911669421b7611661e9b58f91c805f5c
  React-RCTActionSheet: bd180e0879f8424a73650c5c28fbef4f3b5b27fb
  React-RCTAnimation: 1004d2b4be1f2cedfdc4cb2326adc95b989e6c6b
  React-RCTBlob: 55a984137d10e4c41071e8d39374336b48656e54
  React-RCTImage: fa346c899c2f7301eddc79860c37f836db185eb2
  React-RCTLinking: 7af1444a261610ff29a1afeab8c1cfcb5c3280a9
  React-RCTNetwork: fdaad596311091a2c48e0327b8431ba3e011a684
  React-RCTSettings: a7879d48e2951d107763f53e1db80be29f462ab7
  React-RCTText: d7e66b2600487f631531f77bb9d336e33c1187d9
  React-RCTVibration: 761849eea2a1abc99d5e4171bae17ab3da3143ac
  React-runtimeexecutor: 5b441857030bb6c3abaa7517f333cb01875ae499
  ReactCommon: b4a65d2d6e9eeffd4b32dde1245962b3f43907d0
  RNCAsyncStorage: 4b98ac3c64efa4e35c1197cb0c5ca5e9f5d4c666
  RNCMaskedView: 0e1bc4bfa8365eba5fbbb71e07fbdc0555249489
  RNGestureHandler: a479ebd5ed4221a810967000735517df0d2db211
  RNReanimated: 58e7b950e0172235ff8296dd39ec145f9577e301
  RNScreens: 50ffe2fa2342eabb2d0afbe19f7c1af286bc7fb3
  RNSVG: 80584470ff1ffc7994923ea135a3e5ad825546b9
  Yoga: d1fc3575b8b68891ff5ef3c276daa855e841eb32

PODFILE CHECKSUM: 6572d29cdf0ce6a24cb93365ad26fb8f4c4b0a4e

COCOAPODS: 1.11.3
